<?xml version="1.0" encoding="utf-8"?>
<Project ToolsVersion="4.0" xmlns="http://schemas.microsoft.com/developer/msbuild/2003">
  <ItemGroup>
    <Filter Include="Generated Files">
      <UniqueIdentifier>{71ED8ED8-ACB9-4CE9-BBE1-E00B30144E11}</UniqueIdentifier>
      <Extensions>cpp;c;cxx;moc;h;def;odl;idl;res;</Extensions>
    </Filter>
    <Filter Include="Generated Files">
      <UniqueIdentifier>{71ED8ED8-ACB9-4CE9-BBE1-E00B30144E11}</UniqueIdentifier>
      <Extensions>cpp;c;cxx;moc;h;def;odl;idl;res;</Extensions>
    </Filter>
    <Filter Include="Header Files">
      <UniqueIdentifier>{93995380-89BD-4b04-88EB-625FBE52EBFB}</UniqueIdentifier>
      <Extensions>h;hpp;hxx;hm;inl;inc;xsd</Extensions>
    </Filter>
    <Filter Include="Header Files">
      <UniqueIdentifier>{93995380-89BD-4b04-88EB-625FBE52EBFB}</UniqueIdentifier>
      <Extensions>h;hpp;hxx;hm;inl;inc;xsd</Extensions>
    </Filter>
    <Filter Include="Source Files">
      <UniqueIdentifier>{4FC737F1-C7A5-4376-A066-2A32D752A2FF}</UniqueIdentifier>
      <Extensions>cpp;c;cxx;def;odl;idl;hpj;bat;asm;asmx</Extensions>
    </Filter>
    <Filter Include="Source Files">
      <UniqueIdentifier>{4FC737F1-C7A5-4376-A066-2A32D752A2FF}</UniqueIdentifier>
      <Extensions>cpp;c;cxx;def;odl;idl;hpj;bat;asm;asmx</Extensions>
    </Filter>
    <Filter Include="Generated Files\Release">
      <UniqueIdentifier>{f5c04f22-9c36-488f-b216-13701e6a643b}</UniqueIdentifier>
      <Extensions>cpp;moc</Extensions>
      <SourceControlFiles>False</SourceControlFiles>
    </Filter>
    <Filter Include="Generated Files\Debug">
      <UniqueIdentifier>{24e5eeeb-79ae-4f6e-a55f-9476366db173}</UniqueIdentifier>
      <Extensions>cpp;moc</Extensions>
      <SourceControlFiles>False</SourceControlFiles>
    </Filter>
  </ItemGroup>
  <ItemGroup>
    <ClCompile Include="author.cpp">
      <Filter>Source Files</Filter>
    </ClCompile>
    <ClCompile Include="datamodel.cpp">
      <Filter>Source Files</Filter>
    </ClCompile>
    <ClCompile Include="downloadmanager.cpp">
      <Filter>Source Files</Filter>
    </ClCompile>
    <ClCompile Include="journal.cpp">
      <Filter>Source Files</Filter>
    </ClCompile>
    <ClCompile Include="keyword.cpp">
      <Filter>Source Files</Filter>
    </ClCompile>
    <ClCompile Include="organization.cpp">
      <Filter>Source Files</Filter>
    </ClCompile>
    <ClCompile Include="publication.cpp">
      <Filter>Source Files</Filter>
    </ClCompile>
    <ClCompile Include="reg_exp.cpp">
      <Filter>Source Files</Filter>
    </ClCompile>
    <ClCompile Include="Release\moc_datamodel.cpp">
      <Filter>Generated Files\Release</Filter>
    </ClCompile>
    <ClCompile Include="Debug\moc_datamodel.cpp">
      <Filter>Generated Files\Debug</Filter>
    </ClCompile>
    <ClCompile Include="Release\moc_downloadmanager.cpp">
      <Filter>Generated Files\Release</Filter>
    </ClCompile>
    <ClCompile Include="Debug\moc_downloadmanager.cpp">
      <Filter>Generated Files\Debug</Filter>
    </ClCompile>
    <ClCompile Include="digest.cpp">
      <Filter>Source Files</Filter>
    </ClCompile>
  </ItemGroup>
  <ItemGroup>
    <ClInclude Include="author.h">
      <Filter>Header Files</Filter>
    </ClInclude>
    <ClInclude Include="common_stuff.h">
      <Filter>Header Files</Filter>
    </ClInclude>
    <CustomBuild Include="datamodel.h">
      <Filter>Header Files</Filter>
    </CustomBuild>
    <CustomBuild Include="downloadmanager.h">
      <Filter>Header Files</Filter>
    </CustomBuild>
    <ClInclude Include="journal.h">
      <Filter>Header Files</Filter>
    </ClInclude>
    <ClInclude Include="keyword.h">
      <Filter>Header Files</Filter>
    </ClInclude>
    <ClInclude Include="organization.h">
      <Filter>Header Files</Filter>
    </ClInclude>
    <ClInclude Include="plugin_interface.h">
      <Filter>Header Files</Filter>
    </ClInclude>
    <ClInclude Include="publication.h">
      <Filter>Header Files</Filter>
    </ClInclude>
    <ClInclude Include="reg_exp.h">
      <Filter>Header Files</Filter>
    </ClInclude>
    <ClInclude Include="types.h">
      <Filter>Header Files</Filter>
    </ClInclude>
    <ClInclude Include="digest.h">
      <Filter>Header Files</Filter>
    </ClInclude>
  </ItemGroup>
</Project>